
Microsoft Visual Studio Solution File, Format Version 12.00
# Visual Studio Version 17
VisualStudioVersion = 17.10.35122.118
MinimumVisualStudioVersion = 10.0.40219.1
Project("{9A19103F-16F7-4668-BE54-9A1E7A4F7556}") = "Tarefa3.Api", "Tarefa3.Api\Tarefa3.Api.csproj", "{972BC634-AE49-449D-9DD0-86B5865CA79B}"
EndProject
Project("{FAE04EC0-301F-11D3-BF4B-00C04F79EFBC}") = "Tarefa3.Domain", "Tarefa3.Domain\Tarefa3.Domain.csproj", "{F2CD8310-A61C-4F03-A69B-5A4B85B8FFA3}"
EndProject
Project("{FAE04EC0-301F-11D3-BF4B-00C04F79EFBC}") = "Tarefa3.Application", "Tarefa3.Application\Tarefa3.Application.csproj", "{67267E3D-F73C-4C7C-B609-E8467E3F2723}"
EndProject
Global
	GlobalSection(SolutionConfigurationPlatforms) = preSolution
		Debug|Any CPU = Debug|Any CPU
		Release|Any CPU = Release|Any CPU
	EndGlobalSection
	GlobalSection(ProjectConfigurationPlatforms) = postSolution
		{972BC634-AE49-449D-9DD0-86B5865CA79B}.Debug|Any CPU.ActiveCfg = Debug|Any CPU
		{972BC634-AE49-449D-9DD0-86B5865CA79B}.Debug|Any CPU.Build.0 = Debug|Any CPU
		{972BC634-AE49-449D-9DD0-86B5865CA79B}.Release|Any CPU.ActiveCfg = Release|Any CPU
		{972BC634-AE49-449D-9DD0-86B5865CA79B}.Release|Any CPU.Build.0 = Release|Any CPU
		{F2CD8310-A61C-4F03-A69B-5A4B85B8FFA3}.Debug|Any CPU.ActiveCfg = Debug|Any CPU
		{F2CD8310-A61C-4F03-A69B-5A4B85B8FFA3}.Debug|Any CPU.Build.0 = Debug|Any CPU
		{F2CD8310-A61C-4F03-A69B-5A4B85B8FFA3}.Release|Any CPU.ActiveCfg = Release|Any CPU
		{F2CD8310-A61C-4F03-A69B-5A4B85B8FFA3}.Release|Any CPU.Build.0 = Release|Any CPU
		{67267E3D-F73C-4C7C-B609-E8467E3F2723}.Debug|Any CPU.ActiveCfg = Debug|Any CPU
		{67267E3D-F73C-4C7C-B609-E8467E3F2723}.Debug|Any CPU.Build.0 = Debug|Any CPU
		{67267E3D-F73C-4C7C-B609-E8467E3F2723}.Release|Any CPU.ActiveCfg = Release|Any CPU
		{67267E3D-F73C-4C7C-B609-E8467E3F2723}.Release|Any CPU.Build.0 = Release|Any CPU
	EndGlobalSection
	GlobalSection(SolutionProperties) = preSolution
		HideSolutionNode = FALSE
	EndGlobalSection
	GlobalSection(ExtensibilityGlobals) = postSolution
		SolutionGuid = {5833AE99-2587-4D07-9EED-BC388ABB8C45}
	EndGlobalSection
EndGlobal
